// !$*UTF8*$!
{
	archiveVersion = 1;
	classes = {
	};
	objectVersion = 50;
	objects = {

/* Begin PBXBuildFile section */
		06B7AC55985877A455755888 /* Pods_RecognizeIdBankCard.framework in Frameworks */ = {isa = PBXBuildFile; fileRef = CAE2A278EAFFD2D6B11491B5 /* Pods_RecognizeIdBankCard.framework */; };
		16F3BF532309462000CEAF5A /* RecognizeIdBankCard.h in Headers */ = {isa = PBXBuildFile; fileRef = 16F3BF512309462000CEAF5A /* RecognizeIdBankCard.h */; settings = {ATTRIBUTES = (Public, ); }; };
		16F3BF5B2309465A00CEAF5A /* RecognizeIdBankCard.swift in Sources */ = {isa = PBXBuildFile; fileRef = 16F3BF592309465A00CEAF5A /* RecognizeIdBankCard.swift */; };
		16F3BF5C2309465A00CEAF5A /* Extention.swift in Sources */ = {isa = PBXBuildFile; fileRef = 16F3BF5A2309465A00CEAF5A /* Extention.swift */; };
/* End PBXBuildFile section */

/* Begin PBXFileReference section */
		16F3BF4E2309462000CEAF5A /* RecognizeIdBankCard.framework */ = {isa = PBXFileReference; explicitFileType = wrapper.framework; includeInIndex = 0; path = RecognizeIdBankCard.framework; sourceTree = BUILT_PRODUCTS_DIR; };
		16F3BF512309462000CEAF5A /* RecognizeIdBankCard.h */ = {isa = PBXFileReference; lastKnownFileType = sourcecode.c.h; path = RecognizeIdBankCard.h; sourceTree = "<group>"; };
		16F3BF522309462000CEAF5A /* Info.plist */ = {isa = PBXFileReference; lastKnownFileType = text.plist.xml; path = Info.plist; sourceTree = "<group>"; };
		16F3BF592309465A00CEAF5A /* RecognizeIdBankCard.swift */ = {isa = PBXFileReference; lastKnownFileType = sourcecode.swift; path = RecognizeIdBankCard.swift; sourceTree = "<group>"; };
		16F3BF5A2309465A00CEAF5A /* Extention.swift */ = {isa = PBXFileReference; lastKnownFileType = sourcecode.swift; path = Extention.swift; sourceTree = "<group>"; };
		16F3BF5E2309466100CEAF5A /* per.traineddata */ = {isa = PBXFileReference; lastKnownFileType = file; path = per.traineddata; sourceTree = "<group>"; };
		2D1AAA1CB0BFFF4152E16BDD /* Pods-RecognizeIdBankCard.debug.xcconfig */ = {isa = PBXFileReference; includeInIndex = 1; lastKnownFileType = text.xcconfig; name = "Pods-RecognizeIdBankCard.debug.xcconfig"; path = "Target Support Files/Pods-RecognizeIdBankCard/Pods-RecognizeIdBankCard.debug.xcconfig"; sourceTree = "<group>"; };
		307FB3A0B9A9A9F08537A23A /* Pods-RecognizeIdBankCard.release.xcconfig */ = {isa = PBXFileReference; includeInIndex = 1; lastKnownFileType = text.xcconfig; name = "Pods-RecognizeIdBankCard.release.xcconfig"; path = "Target Support Files/Pods-RecognizeIdBankCard/Pods-RecognizeIdBankCard.release.xcconfig"; sourceTree = "<group>"; };
		CAE2A278EAFFD2D6B11491B5 /* Pods_RecognizeIdBankCard.framework */ = {isa = PBXFileReference; explicitFileType = wrapper.framework; includeInIndex = 0; path = Pods_RecognizeIdBankCard.framework; sourceTree = BUILT_PRODUCTS_DIR; };
/* End PBXFileReference section */

/* Begin PBXFrameworksBuildPhase section */
		16F3BF4B2309462000CEAF5A /* Frameworks */ = {
			isa = PBXFrameworksBuildPhase;
			buildActionMask = 2147483647;
			files = (
				06B7AC55985877A455755888 /* Pods_RecognizeIdBankCard.framework in Frameworks */,
			);
			runOnlyForDeploymentPostprocessing = 0;
		};
/* End PBXFrameworksBuildPhase section */

/* Begin PBXGroup section */
		16F3BF442309462000CEAF5A = {
			isa = PBXGroup;
			children = (
				16F3BF502309462000CEAF5A /* RecognizeIdBankCard */,
				16F3BF4F2309462000CEAF5A /* Products */,
				EED771486B443B1F46529690 /* Pods */,
				D51B45650EF8ECACA4650F92 /* Frameworks */,
			);
			sourceTree = "<group>";
		};
		16F3BF4F2309462000CEAF5A /* Products */ = {
			isa = PBXGroup;
			children = (
				16F3BF4E2309462000CEAF5A /* RecognizeIdBankCard.framework */,
			);
			name = Products;
			sourceTree = "<group>";
		};
		16F3BF502309462000CEAF5A /* RecognizeIdBankCard */ = {
			isa = PBXGroup;
			children = (
				16F3BF5D2309466100CEAF5A /* tessdata */,
				16F3BF5A2309465A00CEAF5A /* Extention.swift */,
				16F3BF592309465A00CEAF5A /* RecognizeIdBankCard.swift */,
				16F3BF512309462000CEAF5A /* RecognizeIdBankCard.h */,
				16F3BF522309462000CEAF5A /* Info.plist */,
			);
			path = RecognizeIdBankCard;
			sourceTree = "<group>";
		};
		16F3BF5D2309466100CEAF5A /* tessdata */ = {
			isa = PBXGroup;
			children = (
				16F3BF5E2309466100CEAF5A /* per.traineddata */,
			);
			path = tessdata;
			sourceTree = "<group>";
		};
		D51B45650EF8ECACA4650F92 /* Frameworks */ = {
			isa = PBXGroup;
			children = (
				CAE2A278EAFFD2D6B11491B5 /* Pods_RecognizeIdBankCard.framework */,
			);
			name = Frameworks;
			sourceTree = "<group>";
		};
		EED771486B443B1F46529690 /* Pods */ = {
			isa = PBXGroup;
			children = (
				2D1AAA1CB0BFFF4152E16BDD /* Pods-RecognizeIdBankCard.debug.xcconfig */,
				307FB3A0B9A9A9F08537A23A /* Pods-RecognizeIdBankCard.release.xcconfig */,
			);
			path = Pods;
			sourceTree = "<group>";
		};
/* End PBXGroup section */

/* Begin PBXHeadersBuildPhase section */
		16F3BF492309462000CEAF5A /* Headers */ = {
			isa = PBXHeadersBuildPhase;
			buildActionMask = 2147483647;
			files = (
				16F3BF532309462000CEAF5A /* RecognizeIdBankCard.h in Headers */,
			);
			runOnlyForDeploymentPostprocessing = 0;
		};
/* End PBXHeadersBuildPhase section */

/* Begin PBXNativeTarget section */
		16F3BF4D2309462000CEAF5A /* RecognizeIdBankCard */ = {
			isa = PBXNativeTarget;
			buildConfigurationList = 16F3BF562309462000CEAF5A /* Build configuration list for PBXNativeTarget "RecognizeIdBankCard" */;
			buildPhases = (
				DFD07371547F970B5AB0D24E /* [CP] Check Pods Manifest.lock */,
				16F3BF492309462000CEAF5A /* Headers */,
				16F3BF4A2309462000CEAF5A /* Sources */,
				16F3BF4B2309462000CEAF5A /* Frameworks */,
				16F3BF4C2309462000CEAF5A /* Resources */,
			);
			buildRules = (
			);
			dependencies = (
			);
			name = RecognizeIdBankCard;
			productName = RecognizeIdBankCard;
			productReference = 16F3BF4E2309462000CEAF5A /* RecognizeIdBankCard.framework */;
			productType = "com.apple.product-type.framework";
		};
/* End PBXNativeTarget section */

/* Begin PBXProject section */
		16F3BF452309462000CEAF5A /* Project object */ = {
			isa = PBXProject;
			attributes = {
				LastUpgradeCheck = 1020;
				ORGANIZATIONNAME = Farhad;
				TargetAttributes = {
					16F3BF4D2309462000CEAF5A = {
						CreatedOnToolsVersion = 10.2.1;
					};
				};
			};
			buildConfigurationList = 16F3BF482309462000CEAF5A /* Build configuration list for PBXProject "RecognizeIdBankCard" */;
			compatibilityVersion = "Xcode 9.3";
			developmentRegion = en;
			hasScannedForEncodings = 0;
			knownRegions = (
				en,
			);
			mainGroup = 16F3BF442309462000CEAF5A;
			productRefGroup = 16F3BF4F2309462000CEAF5A /* Products */;
			projectDirPath = "";
			projectRoot = "";
			targets = (
				16F3BF4D2309462000CEAF5A /* RecognizeIdBankCard */,
			);
		};
/* End PBXProject section */

/* Begin PBXResourcesBuildPhase section */
		16F3BF4C2309462000CEAF5A /* Resources */ = {
			isa = PBXResourcesBuildPhase;
			buildActionMask = 2147483647;
			files = (
			);
			runOnlyForDeploymentPostprocessing = 0;
		};
/* End PBXResourcesBuildPhase section */

/* Begin PBXShellScriptBuildPhase section */
		DFD07371547F970B5AB0D24E /* [CP] Check Pods Manifest.lock */ = {
			isa = PBXShellScriptBuildPhase;
			buildActionMask = 2147483647;
			files = (
			);
			inputFileListPaths = (
			);
			inputPaths = (
				"${PODS_PODFILE_DIR_PATH}/Podfile.lock",
				"${PODS_ROOT}/Manifest.lock",
			);
			name = "[CP] Check Pods Manifest.lock";
			outputFileListPaths = (
			);
			outputPaths = (
				"$(DERIVED_FILE_DIR)/Pods-RecognizeIdBankCard-checkManifestLockResult.txt",
			);
			runOnlyForDeploymentPostprocessing = 0;
			shellPath = /bin/sh;
			shellScript = "diff \"${PODS_PODFILE_DIR_PATH}/Podfile.lock\" \"${PODS_ROOT}/Manifest.lock\" > /dev/null\nif [ $? != 0 ] ; then\n    # print error to STDERR\n    echo \"error: The sandbox is not in sync with the Podfile.lock. Run 'pod install' or update your CocoaPods installation.\" >&2\n    exit 1\nfi\n# This output is used by Xcode 'outputs' to avoid re-running this script phase.\necho \"SUCCESS\" > \"${SCRIPT_OUTPUT_FILE_0}\"\n";
			showEnvVarsInLog = 0;
		};
/* End PBXShellScriptBuildPhase section */

/* Begin PBXSourcesBuildPhase section */
		16F3BF4A2309462000CEAF5A /* Sources */ = {
			isa = PBXSourcesBuildPhase;
			buildActionMask = 2147483647;
			files = (
				16F3BF5C2309465A00CEAF5A /* Extention.swift in Sources */,
				16F3BF5B2309465A00CEAF5A /* RecognizeIdBankCard.swift in Sources */,
			);
			runOnlyForDeploymentPostprocessing = 0;
		};
/* End PBXSourcesBuildPhase section */

/* Begin XCBuildConfiguration section */
		16F3BF542309462000CEAF5A /* Debug */ = {
			isa = XCBuildConfiguration;
			buildSettings = {
				ALWAYS_SEARCH_USER_PATHS = NO;
				CLANG_ANALYZER_NONNULL = YES;
				CLANG_ANALYZER_NUMBER_OBJECT_CONVERSION = YES_AGGRESSIVE;
				CLANG_CXX_LANGUAGE_STANDARD = "gnu++14";
				CLANG_CXX_LIBRARY = "libc++";
				CLANG_ENABLE_MODULES = YES;
				CLANG_ENABLE_OBJC_ARC = YES;
				CLANG_ENABLE_OBJC_WEAK = YES;
				CLANG_WARN_BLOCK_CAPTURE_AUTORELEASING = YES;
				CLANG_WARN_BOOL_CONVERSION = YES;
				CLANG_WARN_COMMA = YES;
				CLANG_WARN_CONSTANT_CONVERSION = YES;
				CLANG_WARN_DEPRECATED_OBJC_IMPLEMENTATIONS = YES;
				CLANG_WARN_DIRECT_OBJC_ISA_USAGE = YES_ERROR;
				CLANG_WARN_DOCUMENTATION_COMMENTS = YES;
				CLANG_WARN_EMPTY_BODY = YES;
				CLANG_WARN_ENUM_CONVERSION = YES;
				CLANG_WARN_INFINITE_RECURSION = YES;
				CLANG_WARN_INT_CONVERSION = YES;
				CLANG_WARN_NON_LITERAL_NULL_CONVERSION = YES;
				CLANG_WARN_OBJC_IMPLICIT_RETAIN_SELF = YES;
				CLANG_WARN_OBJC_LITERAL_CONVERSION = YES;
				CLANG_WARN_OBJC_ROOT_CLASS = YES_ERROR;
				CLANG_WARN_RANGE_LOOP_ANALYSIS = YES;
				CLANG_WARN_STRICT_PROTOTYPES = YES;
				CLANG_WARN_SUSPICIOUS_MOVE = YES;
				CLANG_WARN_UNGUARDED_AVAILABILITY = YES_AGGRESSIVE;
				CLANG_WARN_UNREACHABLE_CODE = YES;
				CLANG_WARN__DUPLICATE_METHOD_MATCH = YES;
				CODE_SIGN_IDENTITY = "iPhone Developer";
				COPY_PHASE_STRIP = NO;
				CURRENT_PROJECT_VERSION = 1;
				DEBUG_INFORMATION_FORMAT = dwarf;
				ENABLE_STRICT_OBJC_MSGSEND = YES;
				ENABLE_TESTABILITY = YES;
				GCC_C_LANGUAGE_STANDARD = gnu11;
				GCC_DYNAMIC_NO_PIC = NO;
				GCC_NO_COMMON_BLOCKS = YES;
				GCC_OPTIMIZATION_LEVEL = 0;
				GCC_PREPROCESSOR_DEFINITIONS = (
					"DEBUG=1",
					"$(inherited)",
				);
				GCC_WARN_64_TO_32_BIT_CONVERSION = YES;
				GCC_WARN_ABOUT_RETURN_TYPE = YES_ERROR;
				GCC_WARN_UNDECLARED_SELECTOR = YES;
				GCC_WARN_UNINITIALIZED_AUTOS = YES_AGGRESSIVE;
				GCC_WARN_UNUSED_FUNCTION = YES;
				GCC_WARN_UNUSED_VARIABLE = YES;
				IPHONEOS_DEPLOYMENT_TARGET = 12.2;
				MTL_ENABLE_DEBUG_INFO = INCLUDE_SOURCE;
				MTL_FAST_MATH = YES;
				ONLY_ACTIVE_ARCH = YES;
				SDKROOT = iphoneos;
				SWIFT_ACTIVE_COMPILATION_CONDITIONS = DEBUG;
				SWIFT_OPTIMIZATION_LEVEL = "-Onone";
				VERSIONING_SYSTEM = "apple-generic";
				VERSION_INFO_PREFIX = "";
			};
			name = Debug;
		};
		16F3BF552309462000CEAF5A /* Release */ = {
			isa = XCBuildConfiguration;
			buildSettings = {
				ALWAYS_SEARCH_USER_PATHS = NO;
				CLANG_ANALYZER_NONNULL = YES;
				CLANG_ANALYZER_NUMBER_OBJECT_CONVERSION = YES_AGGRESSIVE;
				CLANG_CXX_LANGUAGE_STANDARD = "gnu++14";
				CLANG_CXX_LIBRARY = "libc++";
				CLANG_ENABLE_MODULES = YES;
				CLANG_ENABLE_OBJC_ARC = YES;
				CLANG_ENABLE_OBJC_WEAK = YES;
				CLANG_WARN_BLOCK_CAPTURE_AUTORELEASING = YES;
				CLANG_WARN_BOOL_CONVERSION = YES;
				CLANG_WARN_COMMA = YES;
				CLANG_WARN_CONSTANT_CONVERSION = YES;
				CLANG_WARN_DEPRECATED_OBJC_IMPLEMENTATIONS = YES;
				CLANG_WARN_DIRECT_OBJC_ISA_USAGE = YES_ERROR;
				CLANG_WARN_DOCUMENTATION_COMMENTS = YES;
				CLANG_WARN_EMPTY_BODY = YES;
				CLANG_WARN_ENUM_CONVERSION = YES;
				CLANG_WARN_INFINITE_RECURSION = YES;
				CLANG_WARN_INT_CONVERSION = YES;
				CLANG_WARN_NON_LITERAL_NULL_CONVERSION = YES;
				CLANG_WARN_OBJC_IMPLICIT_RETAIN_SELF = YES;
				CLANG_WARN_OBJC_LITERAL_CONVERSION = YES;
				CLANG_WARN_OBJC_ROOT_CLASS = YES_ERROR;
				CLANG_WARN_RANGE_LOOP_ANALYSIS = YES;
				CLANG_WARN_STRICT_PROTOTYPES = YES;
				CLANG_WARN_SUSPICIOUS_MOVE = YES;
				CLANG_WARN_UNGUARDED_AVAILABILITY = YES_AGGRESSIVE;
				CLANG_WARN_UNREACHABLE_CODE = YES;
				CLANG_WARN__DUPLICATE_METHOD_MATCH = YES;
				CODE_SIGN_IDENTITY = "iPhone Developer";
				COPY_PHASE_STRIP = NO;
				CURRENT_PROJECT_VERSION = 1;
				DEBUG_INFORMATION_FORMAT = "dwarf-with-dsym";
				ENABLE_NS_ASSERTIONS = NO;
				ENABLE_STRICT_OBJC_MSGSEND = YES;
				GCC_C_LANGUAGE_STANDARD = gnu11;
				GCC_NO_COMMON_BLOCKS = YES;
				GCC_WARN_64_TO_32_BIT_CONVERSION = YES;
				GCC_WARN_ABOUT_RETURN_TYPE = YES_ERROR;
				GCC_WARN_UNDECLARED_SELECTOR = YES;
				GCC_WARN_UNINITIALIZED_AUTOS = YES_AGGRESSIVE;
				GCC_WARN_UNUSED_FUNCTION = YES;
				GCC_WARN_UNUSED_VARIABLE = YES;
				IPHONEOS_DEPLOYMENT_TARGET = 12.2;
				MTL_ENABLE_DEBUG_INFO = NO;
				MTL_FAST_MATH = YES;
				SDKROOT = iphoneos;
				SWIFT_COMPILATION_MODE = wholemodule;
				SWIFT_OPTIMIZATION_LEVEL = "-O";
				VALIDATE_PRODUCT = YES;
				VERSIONING_SYSTEM = "apple-generic";
				VERSION_INFO_PREFIX = "";
			};
			name = Release;
		};
		16F3BF572309462000CEAF5A /* Debug */ = {
			isa = XCBuildConfiguration;
			baseConfigurationReference = 2D1AAA1CB0BFFF4152E16BDD /* Pods-RecognizeIdBankCard.debug.xcconfig */;
			buildSettings = {
				CODE_SIGN_IDENTITY = "";
				CODE_SIGN_STYLE = Automatic;
				DEFINES_MODULE = YES;
				DEVELOPMENT_TEAM = 25V5D4DNE7;
				DYLIB_COMPATIBILITY_VERSION = 1;
				DYLIB_CURRENT_VERSION = 1;
				DYLIB_INSTALL_NAME_BASE = "@rpath";
				INFOPLIST_FILE = RecognizeIdBankCard/Info.plist;
				INSTALL_PATH = "$(LOCAL_LIBRARY_DIR)/Frameworks";
				LD_RUNPATH_SEARCH_PATHS = (
					"$(inherited)",
					"@executable_path/Frameworks",
					"@loader_path/Frameworks",
				);
				PRODUCT_BUNDLE_IDENTIFIER = com.farhad.RecognizeIdBankCard;
				PRODUCT_NAME = "$(TARGET_NAME:c99extidentifier)";
				SKIP_INSTALL = YES;
				SWIFT_VERSION = 5.0;
				TARGETED_DEVICE_FAMILY = "1,2";
			};
			name = Debug;
		};
		16F3BF582309462000CEAF5A /* Release */ = {
			isa = XCBuildConfiguration;
			baseConfigurationReference = 307FB3A0B9A9A9F08537A23A /* Pods-RecognizeIdBankCard.release.xcconfig */;
			buildSettings = {
				CODE_SIGN_IDENTITY = "";
				CODE_SIGN_STYLE = Automatic;
				DEFINES_MODULE = YES;
				DEVELOPMENT_TEAM = 25V5D4DNE7;
				DYLIB_COMPATIBILITY_VERSION = 1;
				DYLIB_CURRENT_VERSION = 1;
				DYLIB_INSTALL_NAME_BASE = "@rpath";
				INFOPLIST_FILE = RecognizeIdBankCard/Info.plist;
				INSTALL_PATH = "$(LOCAL_LIBRARY_DIR)/Frameworks";
				LD_RUNPATH_SEARCH_PATHS = (
					"$(inherited)",
					"@executable_path/Frameworks",
					"@loader_path/Frameworks",
				);
				PRODUCT_BUNDLE_IDENTIFIER = com.farhad.RecognizeIdBankCard;
				PRODUCT_NAME = "$(TARGET_NAME:c99extidentifier)";
				SKIP_INSTALL = YES;
				SWIFT_VERSION = 5.0;
				TARGETED_DEVICE_FAMILY = "1,2";
			};
			name = Release;
		};
/* End XCBuildConfiguration section */

/* Begin XCConfigurationList section */
		16F3BF482309462000CEAF5A /* Build configuration list for PBXProject "RecognizeIdBankCard" */ = {
			isa = XCConfigurationList;
			buildConfigurations = (
				16F3BF542309462000CEAF5A /* Debug */,
				16F3BF552309462000CEAF5A /* Release */,
			);
			defaultConfigurationIsVisible = 0;
			defaultConfigurationName = Release;
		};
		16F3BF562309462000CEAF5A /* Build configuration list for PBXNativeTarget "RecognizeIdBankCard" */ = {
			isa = XCConfigurationList;
			buildConfigurations = (
				16F3BF572309462000CEAF5A /* Debug */,
				16F3BF582309462000CEAF5A /* Release */,
			);
			defaultConfigurationIsVisible = 0;
			defaultConfigurationName = Release;
		};
/* End XCConfigurationList section */
	};
	rootObject = 16F3BF452309462000CEAF5A /* Project object */;
}
